
Microsoft Visual Studio Solution File, Format Version 12.00
# Visual Studio Version 17
VisualStudioVersion = 17.7.34221.43
MinimumVisualStudioVersion = 10.0.40219.1
Project("{8BC9CEB8-8B4A-11D0-8D11-00A0C91BC942}") = "Project7_geo_reversMapping", "Project7_geo_reversMapping.vcxproj", "{43C55365-EACC-4784-82B3-788B04DB786B}"
EndProject
Global
	GlobalSection(SolutionConfigurationPlatforms) = preSolution
		Debug|x64 = Debug|x64
		Debug|x86 = Debug|x86
		Release|x64 = Release|x64
		Release|x86 = Release|x86
	EndGlobalSection
	GlobalSection(ProjectConfigurationPlatforms) = postSolution
		{43C55365-EACC-4784-82B3-788B04DB786B}.Debug|x64.ActiveCfg = Debug|x64
		{43C55365-EACC-4784-82B3-788B04DB786B}.Debug|x64.Build.0 = Debug|x64
		{43C55365-EACC-4784-82B3-788B04DB786B}.Debug|x86.ActiveCfg = Debug|Win32
		{43C55365-EACC-4784-82B3-788B04DB786B}.Debug|x86.Build.0 = Debug|Win32
		{43C55365-EACC-4784-82B3-788B04DB786B}.Release|x64.ActiveCfg = Release|x64
		{43C55365-EACC-4784-82B3-788B04DB786B}.Release|x64.Build.0 = Release|x64
		{43C55365-EACC-4784-82B3-788B04DB786B}.Release|x86.ActiveCfg = Release|Win32
		{43C55365-EACC-4784-82B3-788B04DB786B}.Release|x86.Build.0 = Release|Win32
	EndGlobalSection
	GlobalSection(SolutionProperties) = preSolution
		HideSolutionNode = FALSE
	EndGlobalSection
	GlobalSection(ExtensibilityGlobals) = postSolution
		SolutionGuid = {7BF77C44-C3BA-40E0-B6E2-F245F93C908D}
	EndGlobalSection
EndGlobal
