
Microsoft Visual Studio Solution File, Format Version 12.00
# Visual Studio Version 17
VisualStudioVersion = 17.7.34031.279
MinimumVisualStudioVersion = 10.0.40219.1
Project("{8BC9CEB8-8B4A-11D0-8D11-00A0C91BC942}") = "ProjectPage96_Code3.14", "ProjectPage96_Code3.14.vcxproj", "{110DDCAC-97B7-42D0-92D2-E4C29C11F434}"
EndProject
Global
	GlobalSection(SolutionConfigurationPlatforms) = preSolution
		Debug|x64 = Debug|x64
		Debug|x86 = Debug|x86
		Release|x64 = Release|x64
		Release|x86 = Release|x86
	EndGlobalSection
	GlobalSection(ProjectConfigurationPlatforms) = postSolution
		{110DDCAC-97B7-42D0-92D2-E4C29C11F434}.Debug|x64.ActiveCfg = Debug|x64
		{110DDCAC-97B7-42D0-92D2-E4C29C11F434}.Debug|x64.Build.0 = Debug|x64
		{110DDCAC-97B7-42D0-92D2-E4C29C11F434}.Debug|x86.ActiveCfg = Debug|Win32
		{110DDCAC-97B7-42D0-92D2-E4C29C11F434}.Debug|x86.Build.0 = Debug|Win32
		{110DDCAC-97B7-42D0-92D2-E4C29C11F434}.Release|x64.ActiveCfg = Release|x64
		{110DDCAC-97B7-42D0-92D2-E4C29C11F434}.Release|x64.Build.0 = Release|x64
		{110DDCAC-97B7-42D0-92D2-E4C29C11F434}.Release|x86.ActiveCfg = Release|Win32
		{110DDCAC-97B7-42D0-92D2-E4C29C11F434}.Release|x86.Build.0 = Release|Win32
	EndGlobalSection
	GlobalSection(SolutionProperties) = preSolution
		HideSolutionNode = FALSE
	EndGlobalSection
	GlobalSection(ExtensibilityGlobals) = postSolution
		SolutionGuid = {93B8083B-1711-48A6-A645-CD2754BFAF8E}
	EndGlobalSection
EndGlobal
